
Microsoft Visual Studio Solution File, Format Version 12.00
# Visual Studio 15
VisualStudioVersion = 15.0.28010.2036
MinimumVisualStudioVersion = 10.0.40219.1
Project("{8BC9CEB8-8B4A-11D0-8D11-00A0C91BC942}") = "hw", "hw\hw.vcxproj", "{244E562F-54D9-42B2-B1D5-5BF78AF02C35}"
EndProject
Global
	GlobalSection(SolutionConfigurationPlatforms) = preSolution
		Debug|x64 = Debug|x64
		Debug|x86 = Debug|x86
		Release|x64 = Release|x64
		Release|x86 = Release|x86
	EndGlobalSection
	GlobalSection(ProjectConfigurationPlatforms) = postSolution
		{244E562F-54D9-42B2-B1D5-5BF78AF02C35}.Debug|x64.ActiveCfg = Debug|x64
		{244E562F-54D9-42B2-B1D5-5BF78AF02C35}.Debug|x64.Build.0 = Debug|x64
		{244E562F-54D9-42B2-B1D5-5BF78AF02C35}.Debug|x86.ActiveCfg = Debug|Win32
		{244E562F-54D9-42B2-B1D5-5BF78AF02C35}.Debug|x86.Build.0 = Debug|Win32
		{244E562F-54D9-42B2-B1D5-5BF78AF02C35}.Release|x64.ActiveCfg = Release|x64
		{244E562F-54D9-42B2-B1D5-5BF78AF02C35}.Release|x64.Build.0 = Release|x64
		{244E562F-54D9-42B2-B1D5-5BF78AF02C35}.Release|x86.ActiveCfg = Release|Win32
		{244E562F-54D9-42B2-B1D5-5BF78AF02C35}.Release|x86.Build.0 = Release|Win32
	EndGlobalSection
	GlobalSection(SolutionProperties) = preSolution
		HideSolutionNode = FALSE
	EndGlobalSection
	GlobalSection(ExtensibilityGlobals) = postSolution
		SolutionGuid = {AF3D89E3-4B32-4506-83E1-E696D898AB70}
	EndGlobalSection
EndGlobal
